
Microsoft Visual Studio Solution File, Format Version 12.00
# Visual Studio 2015
Project("{FAE04EC0-301F-11D3-BF4B-00C04F79EFBC}") = "Tropical Island.CSharp.Plugins", "Tropical Island.CSharp.Plugins.csproj", "{BED92587-1074-A58C-2328-AEAA29160D69}"
EndProject
Project("{FAE04EC0-301F-11D3-BF4B-00C04F79EFBC}") = "Tropical Island.CSharp", "Tropical Island.CSharp.csproj", "{5ADD1B83-13E2-4BDA-31F2-A22271D62200}"
EndProject
Global
	GlobalSection(SolutionConfigurationPlatforms) = preSolution
		Debug|Any CPU = Debug|Any CPU
		Release|Any CPU = Release|Any CPU
	EndGlobalSection
	GlobalSection(ProjectConfigurationPlatforms) = postSolution
		{BED92587-1074-A58C-2328-AEAA29160D69}.Debug|Any CPU.ActiveCfg = Debug|Any CPU
		{BED92587-1074-A58C-2328-AEAA29160D69}.Debug|Any CPU.Build.0 = Debug|Any CPU
		{BED92587-1074-A58C-2328-AEAA29160D69}.Release|Any CPU.ActiveCfg = Release|Any CPU
		{BED92587-1074-A58C-2328-AEAA29160D69}.Release|Any CPU.Build.0 = Release|Any CPU
		{5ADD1B83-13E2-4BDA-31F2-A22271D62200}.Debug|Any CPU.ActiveCfg = Debug|Any CPU
		{5ADD1B83-13E2-4BDA-31F2-A22271D62200}.Debug|Any CPU.Build.0 = Debug|Any CPU
		{5ADD1B83-13E2-4BDA-31F2-A22271D62200}.Release|Any CPU.ActiveCfg = Release|Any CPU
		{5ADD1B83-13E2-4BDA-31F2-A22271D62200}.Release|Any CPU.Build.0 = Release|Any CPU
	EndGlobalSection
	GlobalSection(SolutionProperties) = preSolution
		HideSolutionNode = FALSE
	EndGlobalSection
EndGlobal
